
Microsoft Visual Studio Solution File, Format Version 12.00
# Visual Studio Version 16
VisualStudioVersion = 16.0.29409.12
MinimumVisualStudioVersion = 10.0.40219.1
Project("{FAE04EC0-301F-11D3-BF4B-00C04F79EFBC}") = "LLin.Desktop", "LLin.Desktop\LLin.Desktop.csproj", "{AEB3FC89-DC3E-4BC9-9EC7-03B72FC5D849}"
EndProject
Project("{FAE04EC0-301F-11D3-BF4B-00C04F79EFBC}") = "LLin.iOS", "LLin.iOS\LLin.iOS.csproj", "{7AA1DB5D-78DB-4693-AE50-D6078F5A0CAB}"
EndProject
Project("{FAE04EC0-301F-11D3-BF4B-00C04F79EFBC}") = "LLin.Game", "LLin.Game\LLin.Game.csproj", "{1ADACD09-7BE3-46A1-AEAB-C41E78E8700F}"
EndProject
Project("{9344BDBB-3E7F-41FC-A0DD-8665D75EE146}") = "LLin.Game.Tests", "LLin.Game.Tests\LLin.Game.Tests.csproj", "{0A9CA1A5-5147-4AA8-9B9D-87178DE5A78D}"
EndProject
Project("{FAE04EC0-301F-11D3-BF4B-00C04F79EFBC}") = "LLin.Resources", "LLin.Resources\LLin.Resources.csproj", "{31D3872C-3A4F-437E-9655-3EF58DD62F46}"
EndProject
Project("{2150E333-8FDC-42A3-9474-1A3956D46DE8}") = "Solution Items", "Solution Items", "{9AF9C164-2A9E-4958-BB12-0FEDC40F58EC}"
	ProjectSection(SolutionItems) = preProject
		.editorconfig = .editorconfig
		Directory.Build.props = Directory.Build.props
		LLin.sln.DotSettings = LLin.sln.DotSettings
	EndProjectSection
EndProject
Project("{FAE04EC0-301F-11D3-BF4B-00C04F79EFBC}") = "M.DBus", "M.DBus\M.DBus.csproj", "{1EF969A2-3E51-42AD-B319-3C1556AFD4C2}"
EndProject
Project("{FAE04EC0-301F-11D3-BF4B-00C04F79EFBC}") = "M.Resources", "M.Resources\M.Resources.csproj", "{38702162-D021-4A4A-B444-EBC95E800D1E}"
EndProject
Project("{FAE04EC0-301F-11D3-BF4B-00C04F79EFBC}") = "osu.Framework", "..\osu-framework\osu.Framework\osu.Framework.csproj", "{F2507DC2-CD15-4DE1-9C5D-F2A25CB531FF}"
EndProject
Project("{FAE04EC0-301F-11D3-BF4B-00C04F79EFBC}") = "osu.Framework.NativeLibs", "..\osu-framework\osu.Framework.NativeLibs\osu.Framework.NativeLibs.csproj", "{1102EC09-E7B8-4D57-A83F-E443949244FA}"
EndProject
Project("{FAE04EC0-301F-11D3-BF4B-00C04F79EFBC}") = "osu.Game", "..\mfosu\osu.Game\osu.Game.csproj", "{A35C2E2A-3DFB-4B94-A5DE-9AF27CECDC3E}"
EndProject
Project("{FAE04EC0-301F-11D3-BF4B-00C04F79EFBC}") = "Mvis.Plugin.BottomBar", "Mvis.Plugin.BottomBar\Mvis.Plugin.BottomBar.csproj", "{A0E653A1-8600-44AB-A170-169A96961ED3}"
EndProject
Global
	GlobalSection(SolutionConfigurationPlatforms) = preSolution
		Debug|Any CPU = Debug|Any CPU
		Release|Any CPU = Release|Any CPU
		Debug|iPhone = Debug|iPhone
		Debug|iPhoneSimulator = Debug|iPhoneSimulator
		Release|iPhone = Release|iPhone
		Release|iPhoneSimulator = Release|iPhoneSimulator
	EndGlobalSection
	GlobalSection(ProjectConfigurationPlatforms) = postSolution
		{AEB3FC89-DC3E-4BC9-9EC7-03B72FC5D849}.Debug|Any CPU.ActiveCfg = Debug|Any CPU
		{AEB3FC89-DC3E-4BC9-9EC7-03B72FC5D849}.Debug|Any CPU.Build.0 = Debug|Any CPU
		{AEB3FC89-DC3E-4BC9-9EC7-03B72FC5D849}.Release|Any CPU.ActiveCfg = Release|Any CPU
		{AEB3FC89-DC3E-4BC9-9EC7-03B72FC5D849}.Release|Any CPU.Build.0 = Release|Any CPU
		{7AA1DB5D-78DB-4693-AE50-D6078F5A0CAB}.Debug|iPhone.ActiveCfg = Debug|iPhone
		{7AA1DB5D-78DB-4693-AE50-D6078F5A0CAB}.Debug|iPhone.Build.0 = Debug|iPhone
		{7AA1DB5D-78DB-4693-AE50-D6078F5A0CAB}.Debug|iPhoneSimulator.ActiveCfg = Debug|iPhoneSimulator
		{7AA1DB5D-78DB-4693-AE50-D6078F5A0CAB}.Debug|iPhoneSimulator.Build.0 = Debug|iPhoneSimulator
		{7AA1DB5D-78DB-4693-AE50-D6078F5A0CAB}.Release|iPhone.ActiveCfg = Release|iPhone
		{7AA1DB5D-78DB-4693-AE50-D6078F5A0CAB}.Release|iPhone.Build.0 = Release|iPhone
		{7AA1DB5D-78DB-4693-AE50-D6078F5A0CAB}.Release|iPhoneSimulator.ActiveCfg = Release|iPhoneSimulator
		{7AA1DB5D-78DB-4693-AE50-D6078F5A0CAB}.Release|iPhoneSimulator.Build.0 = Release|iPhoneSimulator
		{1ADACD09-7BE3-46A1-AEAB-C41E78E8700F}.Debug|Any CPU.ActiveCfg = Debug|Any CPU
		{1ADACD09-7BE3-46A1-AEAB-C41E78E8700F}.Debug|Any CPU.Build.0 = Debug|Any CPU
		{1ADACD09-7BE3-46A1-AEAB-C41E78E8700F}.Release|Any CPU.ActiveCfg = Release|Any CPU
		{1ADACD09-7BE3-46A1-AEAB-C41E78E8700F}.Release|Any CPU.Build.0 = Release|Any CPU
		{1ADACD09-7BE3-46A1-AEAB-C41E78E8700F}.Debug|iPhone.ActiveCfg = Debug|Any CPU
		{1ADACD09-7BE3-46A1-AEAB-C41E78E8700F}.Debug|iPhone.Build.0 = Debug|Any CPU
		{1ADACD09-7BE3-46A1-AEAB-C41E78E8700F}.Debug|iPhoneSimulator.ActiveCfg = Debug|Any CPU
		{1ADACD09-7BE3-46A1-AEAB-C41E78E8700F}.Debug|iPhoneSimulator.Build.0 = Debug|Any CPU
		{1ADACD09-7BE3-46A1-AEAB-C41E78E8700F}.Release|iPhone.ActiveCfg = Release|Any CPU
		{1ADACD09-7BE3-46A1-AEAB-C41E78E8700F}.Release|iPhone.Build.0 = Release|Any CPU
		{1ADACD09-7BE3-46A1-AEAB-C41E78E8700F}.Release|iPhoneSimulator.ActiveCfg = Release|Any CPU
		{1ADACD09-7BE3-46A1-AEAB-C41E78E8700F}.Release|iPhoneSimulator.Build.0 = Release|Any CPU
		{0A9CA1A5-5147-4AA8-9B9D-87178DE5A78D}.Debug|Any CPU.ActiveCfg = Debug|Any CPU
		{0A9CA1A5-5147-4AA8-9B9D-87178DE5A78D}.Debug|Any CPU.Build.0 = Debug|Any CPU
		{0A9CA1A5-5147-4AA8-9B9D-87178DE5A78D}.Release|Any CPU.ActiveCfg = Release|Any CPU
		{0A9CA1A5-5147-4AA8-9B9D-87178DE5A78D}.Release|Any CPU.Build.0 = Release|Any CPU
		{31D3872C-3A4F-437E-9655-3EF58DD62F46}.Debug|Any CPU.ActiveCfg = Debug|Any CPU
		{31D3872C-3A4F-437E-9655-3EF58DD62F46}.Debug|Any CPU.Build.0 = Debug|Any CPU
		{31D3872C-3A4F-437E-9655-3EF58DD62F46}.Release|Any CPU.ActiveCfg = Release|Any CPU
		{31D3872C-3A4F-437E-9655-3EF58DD62F46}.Release|Any CPU.Build.0 = Release|Any CPU
		{31D3872C-3A4F-437E-9655-3EF58DD62F46}.Debug|iPhone.ActiveCfg = Debug|Any CPU
		{31D3872C-3A4F-437E-9655-3EF58DD62F46}.Debug|iPhone.Build.0 = Debug|Any CPU
		{31D3872C-3A4F-437E-9655-3EF58DD62F46}.Debug|iPhoneSimulator.ActiveCfg = Debug|Any CPU
		{31D3872C-3A4F-437E-9655-3EF58DD62F46}.Debug|iPhoneSimulator.Build.0 = Debug|Any CPU
		{31D3872C-3A4F-437E-9655-3EF58DD62F46}.Release|iPhone.ActiveCfg = Release|Any CPU
		{31D3872C-3A4F-437E-9655-3EF58DD62F46}.Release|iPhone.Build.0 = Release|Any CPU
		{31D3872C-3A4F-437E-9655-3EF58DD62F46}.Release|iPhoneSimulator.ActiveCfg = Release|Any CPU
		{31D3872C-3A4F-437E-9655-3EF58DD62F46}.Release|iPhoneSimulator.Build.0 = Release|Any CPU
		{1EF969A2-3E51-42AD-B319-3C1556AFD4C2}.Debug|Any CPU.ActiveCfg = Debug|Any CPU
		{1EF969A2-3E51-42AD-B319-3C1556AFD4C2}.Debug|Any CPU.Build.0 = Debug|Any CPU
		{1EF969A2-3E51-42AD-B319-3C1556AFD4C2}.Release|Any CPU.ActiveCfg = Release|Any CPU
		{1EF969A2-3E51-42AD-B319-3C1556AFD4C2}.Release|Any CPU.Build.0 = Release|Any CPU
		{1EF969A2-3E51-42AD-B319-3C1556AFD4C2}.Debug|iPhone.ActiveCfg = Debug|Any CPU
		{1EF969A2-3E51-42AD-B319-3C1556AFD4C2}.Debug|iPhone.Build.0 = Debug|Any CPU
		{1EF969A2-3E51-42AD-B319-3C1556AFD4C2}.Debug|iPhoneSimulator.ActiveCfg = Debug|Any CPU
		{1EF969A2-3E51-42AD-B319-3C1556AFD4C2}.Debug|iPhoneSimulator.Build.0 = Debug|Any CPU
		{1EF969A2-3E51-42AD-B319-3C1556AFD4C2}.Release|iPhone.ActiveCfg = Release|Any CPU
		{1EF969A2-3E51-42AD-B319-3C1556AFD4C2}.Release|iPhone.Build.0 = Release|Any CPU
		{1EF969A2-3E51-42AD-B319-3C1556AFD4C2}.Release|iPhoneSimulator.ActiveCfg = Release|Any CPU
		{1EF969A2-3E51-42AD-B319-3C1556AFD4C2}.Release|iPhoneSimulator.Build.0 = Release|Any CPU
		{38702162-D021-4A4A-B444-EBC95E800D1E}.Debug|Any CPU.ActiveCfg = Debug|Any CPU
		{38702162-D021-4A4A-B444-EBC95E800D1E}.Debug|Any CPU.Build.0 = Debug|Any CPU
		{38702162-D021-4A4A-B444-EBC95E800D1E}.Release|Any CPU.ActiveCfg = Release|Any CPU
		{38702162-D021-4A4A-B444-EBC95E800D1E}.Release|Any CPU.Build.0 = Release|Any CPU
		{38702162-D021-4A4A-B444-EBC95E800D1E}.Debug|iPhone.ActiveCfg = Debug|Any CPU
		{38702162-D021-4A4A-B444-EBC95E800D1E}.Debug|iPhone.Build.0 = Debug|Any CPU
		{38702162-D021-4A4A-B444-EBC95E800D1E}.Debug|iPhoneSimulator.ActiveCfg = Debug|Any CPU
		{38702162-D021-4A4A-B444-EBC95E800D1E}.Debug|iPhoneSimulator.Build.0 = Debug|Any CPU
		{38702162-D021-4A4A-B444-EBC95E800D1E}.Release|iPhone.ActiveCfg = Release|Any CPU
		{38702162-D021-4A4A-B444-EBC95E800D1E}.Release|iPhone.Build.0 = Release|Any CPU
		{38702162-D021-4A4A-B444-EBC95E800D1E}.Release|iPhoneSimulator.ActiveCfg = Release|Any CPU
		{38702162-D021-4A4A-B444-EBC95E800D1E}.Release|iPhoneSimulator.Build.0 = Release|Any CPU
		{F2507DC2-CD15-4DE1-9C5D-F2A25CB531FF}.Debug|Any CPU.ActiveCfg = Debug|Any CPU
		{F2507DC2-CD15-4DE1-9C5D-F2A25CB531FF}.Debug|Any CPU.Build.0 = Debug|Any CPU
		{F2507DC2-CD15-4DE1-9C5D-F2A25CB531FF}.Release|Any CPU.ActiveCfg = Release|Any CPU
		{F2507DC2-CD15-4DE1-9C5D-F2A25CB531FF}.Release|Any CPU.Build.0 = Release|Any CPU
		{F2507DC2-CD15-4DE1-9C5D-F2A25CB531FF}.Debug|iPhone.ActiveCfg = Debug|Any CPU
		{F2507DC2-CD15-4DE1-9C5D-F2A25CB531FF}.Debug|iPhone.Build.0 = Debug|Any CPU
		{F2507DC2-CD15-4DE1-9C5D-F2A25CB531FF}.Debug|iPhoneSimulator.ActiveCfg = Debug|Any CPU
		{F2507DC2-CD15-4DE1-9C5D-F2A25CB531FF}.Debug|iPhoneSimulator.Build.0 = Debug|Any CPU
		{F2507DC2-CD15-4DE1-9C5D-F2A25CB531FF}.Release|iPhone.ActiveCfg = Release|Any CPU
		{F2507DC2-CD15-4DE1-9C5D-F2A25CB531FF}.Release|iPhone.Build.0 = Release|Any CPU
		{F2507DC2-CD15-4DE1-9C5D-F2A25CB531FF}.Release|iPhoneSimulator.ActiveCfg = Release|Any CPU
		{F2507DC2-CD15-4DE1-9C5D-F2A25CB531FF}.Release|iPhoneSimulator.Build.0 = Release|Any CPU
		{1102EC09-E7B8-4D57-A83F-E443949244FA}.Debug|Any CPU.ActiveCfg = Debug|Any CPU
		{1102EC09-E7B8-4D57-A83F-E443949244FA}.Debug|Any CPU.Build.0 = Debug|Any CPU
		{1102EC09-E7B8-4D57-A83F-E443949244FA}.Release|Any CPU.ActiveCfg = Release|Any CPU
		{1102EC09-E7B8-4D57-A83F-E443949244FA}.Release|Any CPU.Build.0 = Release|Any CPU
		{1102EC09-E7B8-4D57-A83F-E443949244FA}.Debug|iPhone.ActiveCfg = Debug|Any CPU
		{1102EC09-E7B8-4D57-A83F-E443949244FA}.Debug|iPhone.Build.0 = Debug|Any CPU
		{1102EC09-E7B8-4D57-A83F-E443949244FA}.Debug|iPhoneSimulator.ActiveCfg = Debug|Any CPU
		{1102EC09-E7B8-4D57-A83F-E443949244FA}.Debug|iPhoneSimulator.Build.0 = Debug|Any CPU
		{1102EC09-E7B8-4D57-A83F-E443949244FA}.Release|iPhone.ActiveCfg = Release|Any CPU
		{1102EC09-E7B8-4D57-A83F-E443949244FA}.Release|iPhone.Build.0 = Release|Any CPU
		{1102EC09-E7B8-4D57-A83F-E443949244FA}.Release|iPhoneSimulator.ActiveCfg = Release|Any CPU
		{1102EC09-E7B8-4D57-A83F-E443949244FA}.Release|iPhoneSimulator.Build.0 = Release|Any CPU
		{A35C2E2A-3DFB-4B94-A5DE-9AF27CECDC3E}.Debug|Any CPU.ActiveCfg = Debug|Any CPU
		{A35C2E2A-3DFB-4B94-A5DE-9AF27CECDC3E}.Debug|Any CPU.Build.0 = Debug|Any CPU
		{A35C2E2A-3DFB-4B94-A5DE-9AF27CECDC3E}.Release|Any CPU.ActiveCfg = Release|Any CPU
		{A35C2E2A-3DFB-4B94-A5DE-9AF27CECDC3E}.Release|Any CPU.Build.0 = Release|Any CPU
		{A35C2E2A-3DFB-4B94-A5DE-9AF27CECDC3E}.Debug|iPhone.ActiveCfg = Debug|Any CPU
		{A35C2E2A-3DFB-4B94-A5DE-9AF27CECDC3E}.Debug|iPhone.Build.0 = Debug|Any CPU
		{A35C2E2A-3DFB-4B94-A5DE-9AF27CECDC3E}.Debug|iPhoneSimulator.ActiveCfg = Debug|Any CPU
		{A35C2E2A-3DFB-4B94-A5DE-9AF27CECDC3E}.Debug|iPhoneSimulator.Build.0 = Debug|Any CPU
		{A35C2E2A-3DFB-4B94-A5DE-9AF27CECDC3E}.Release|iPhone.ActiveCfg = Release|Any CPU
		{A35C2E2A-3DFB-4B94-A5DE-9AF27CECDC3E}.Release|iPhone.Build.0 = Release|Any CPU
		{A35C2E2A-3DFB-4B94-A5DE-9AF27CECDC3E}.Release|iPhoneSimulator.ActiveCfg = Release|Any CPU
		{A35C2E2A-3DFB-4B94-A5DE-9AF27CECDC3E}.Release|iPhoneSimulator.Build.0 = Release|Any CPU
		{A0E653A1-8600-44AB-A170-169A96961ED3}.Debug|Any CPU.ActiveCfg = Debug|Any CPU
		{A0E653A1-8600-44AB-A170-169A96961ED3}.Debug|Any CPU.Build.0 = Debug|Any CPU
		{A0E653A1-8600-44AB-A170-169A96961ED3}.Release|Any CPU.ActiveCfg = Release|Any CPU
		{A0E653A1-8600-44AB-A170-169A96961ED3}.Release|Any CPU.Build.0 = Release|Any CPU
		{A0E653A1-8600-44AB-A170-169A96961ED3}.Debug|iPhone.ActiveCfg = Debug|Any CPU
		{A0E653A1-8600-44AB-A170-169A96961ED3}.Debug|iPhone.Build.0 = Debug|Any CPU
		{A0E653A1-8600-44AB-A170-169A96961ED3}.Debug|iPhoneSimulator.ActiveCfg = Debug|Any CPU
		{A0E653A1-8600-44AB-A170-169A96961ED3}.Debug|iPhoneSimulator.Build.0 = Debug|Any CPU
		{A0E653A1-8600-44AB-A170-169A96961ED3}.Release|iPhone.ActiveCfg = Release|Any CPU
		{A0E653A1-8600-44AB-A170-169A96961ED3}.Release|iPhone.Build.0 = Release|Any CPU
		{A0E653A1-8600-44AB-A170-169A96961ED3}.Release|iPhoneSimulator.ActiveCfg = Release|Any CPU
		{A0E653A1-8600-44AB-A170-169A96961ED3}.Release|iPhoneSimulator.Build.0 = Release|Any CPU
	EndGlobalSection
	GlobalSection(SolutionProperties) = preSolution
		HideSolutionNode = FALSE
	EndGlobalSection
	GlobalSection(NestedProjects) = preSolution
		{1EF969A2-3E51-42AD-B319-3C1556AFD4C2} = {9AF9C164-2A9E-4958-BB12-0FEDC40F58EC}
		{38702162-D021-4A4A-B444-EBC95E800D1E} = {9AF9C164-2A9E-4958-BB12-0FEDC40F58EC}
		{A0E653A1-8600-44AB-A170-169A96961ED3} = {9AF9C164-2A9E-4958-BB12-0FEDC40F58EC}
	EndGlobalSection
EndGlobal
